// !$*UTF8*$!
{
	archiveVersion = 1;
	classes = {
	};
	objectVersion = 46;
	objects = {

/* Begin PBXBuildFile section */
		EC27097D18D3D09800E6AC0F /* libJSONKit.a in Frameworks */ = {isa = PBXBuildFile; fileRef = EC27096118D3D04C00E6AC0F /* libJSONKit.a */; };
		EC27097E18D3D09800E6AC0F /* libOAuth2Client.a in Frameworks */ = {isa = PBXBuildFile; fileRef = EC27096C18D3D05C00E6AC0F /* libOAuth2Client.a */; };
		EC27097F18D3D09800E6AC0F /* libOHAttributedLabel.a in Frameworks */ = {isa = PBXBuildFile; fileRef = EC27097218D3D06D00E6AC0F /* libOHAttributedLabel.a */; };
		EC27098018D3D09800E6AC0F /* libSoundCloudAPI.a in Frameworks */ = {isa = PBXBuildFile; fileRef = EC27094818D3D01100E6AC0F /* libSoundCloudAPI.a */; };
		EC27098118D3D09800E6AC0F /* libSoundCloudUI.a in Frameworks */ = {isa = PBXBuildFile; fileRef = EC27094F18D3D02300E6AC0F /* libSoundCloudUI.a */; };
		EC27098318D3D13500E6AC0F /* SoundCloud.bundle in Resources */ = {isa = PBXBuildFile; fileRef = EC27098218D3D13500E6AC0F /* SoundCloud.bundle */; };
		EC2709A418D722A600E6AC0F /* base64.c in Sources */ = {isa = PBXBuildFile; fileRef = EC27099318D722A600E6AC0F /* base64.c */; };
		EC2709A518D722A600E6AC0F /* NSData+SRB64Additions.m in Sources */ = {isa = PBXBuildFile; fileRef = EC27099618D722A600E6AC0F /* NSData+SRB64Additions.m */; };
		EC2709A618D722A600E6AC0F /* SocketIO.m in Sources */ = {isa = PBXBuildFile; fileRef = EC27099818D722A600E6AC0F /* SocketIO.m */; };
		EC2709A718D722A600E6AC0F /* SocketIOJSONSerialization.m in Sources */ = {isa = PBXBuildFile; fileRef = EC27099A18D722A600E6AC0F /* SocketIOJSONSerialization.m */; };
		EC2709A818D722A600E6AC0F /* SocketIOPacket.m in Sources */ = {isa = PBXBuildFile; fileRef = EC27099C18D722A600E6AC0F /* SocketIOPacket.m */; };
		EC2709A918D722A600E6AC0F /* SocketIOTransportWebsocket.m in Sources */ = {isa = PBXBuildFile; fileRef = EC27099F18D722A600E6AC0F /* SocketIOTransportWebsocket.m */; };
		EC2709AA18D722A600E6AC0F /* SocketIOTransportXHR.m in Sources */ = {isa = PBXBuildFile; fileRef = EC2709A118D722A600E6AC0F /* SocketIOTransportXHR.m */; };
		EC2709AB18D722A600E6AC0F /* SRWebSocket.m in Sources */ = {isa = PBXBuildFile; fileRef = EC2709A318D722A600E6AC0F /* SRWebSocket.m */; };
		EC2709AE18D724E800E6AC0F /* WeMixBrain.m in Sources */ = {isa = PBXBuildFile; fileRef = EC2709AD18D724E800E6AC0F /* WeMixBrain.m */; };
		EC67686518C665A70057BB30 /* MixPlayer.m in Sources */ = {isa = PBXBuildFile; fileRef = EC67686418C665A70057BB30 /* MixPlayer.m */; };
		EC9FDA7D18BA1DD900CF4670 /* Foundation.framework in Frameworks */ = {isa = PBXBuildFile; fileRef = EC9FDA7C18BA1DD900CF4670 /* Foundation.framework */; };
		EC9FDA7F18BA1DD900CF4670 /* CoreGraphics.framework in Frameworks */ = {isa = PBXBuildFile; fileRef = EC9FDA7E18BA1DD900CF4670 /* CoreGraphics.framework */; };
		EC9FDA8118BA1DD900CF4670 /* UIKit.framework in Frameworks */ = {isa = PBXBuildFile; fileRef = EC9FDA8018BA1DD900CF4670 /* UIKit.framework */; };
		EC9FDA8718BA1DD900CF4670 /* InfoPlist.strings in Resources */ = {isa = PBXBuildFile; fileRef = EC9FDA8518BA1DD900CF4670 /* InfoPlist.strings */; };
		EC9FDA8918BA1DD900CF4670 /* main.m in Sources */ = {isa = PBXBuildFile; fileRef = EC9FDA8818BA1DD900CF4670 /* main.m */; };
		EC9FDA8D18BA1DD900CF4670 /* IBeaterAppDelegate.m in Sources */ = {isa = PBXBuildFile; fileRef = EC9FDA8C18BA1DD900CF4670 /* IBeaterAppDelegate.m */; };
		EC9FDA9018BA1DD900CF4670 /* Main_iPhone.storyboard in Resources */ = {isa = PBXBuildFile; fileRef = EC9FDA8E18BA1DD900CF4670 /* Main_iPhone.storyboard */; };
		EC9FDA9318BA1DD900CF4670 /* Main_iPad.storyboard in Resources */ = {isa = PBXBuildFile; fileRef = EC9FDA9118BA1DD900CF4670 /* Main_iPad.storyboard */; };
		EC9FDA9618BA1DD900CF4670 /* IBeaterViewController.m in Sources */ = {isa = PBXBuildFile; fileRef = EC9FDA9518BA1DD900CF4670 /* IBeaterViewController.m */; };
		EC9FDA9818BA1DD900CF4670 /* Images.xcassets in Resources */ = {isa = PBXBuildFile; fileRef = EC9FDA9718BA1DD900CF4670 /* Images.xcassets */; };
		EC9FDA9F18BA1DD900CF4670 /* XCTest.framework in Frameworks */ = {isa = PBXBuildFile; fileRef = EC9FDA9E18BA1DD900CF4670 /* XCTest.framework */; };
		EC9FDAA018BA1DD900CF4670 /* Foundation.framework in Frameworks */ = {isa = PBXBuildFile; fileRef = EC9FDA7C18BA1DD900CF4670 /* Foundation.framework */; };
		EC9FDAA118BA1DD900CF4670 /* UIKit.framework in Frameworks */ = {isa = PBXBuildFile; fileRef = EC9FDA8018BA1DD900CF4670 /* UIKit.framework */; };
		EC9FDAA918BA1DD900CF4670 /* InfoPlist.strings in Resources */ = {isa = PBXBuildFile; fileRef = EC9FDAA718BA1DD900CF4670 /* InfoPlist.strings */; };
		EC9FDAAB18BA1DD900CF4670 /* IbeaterTests.m in Sources */ = {isa = PBXBuildFile; fileRef = EC9FDAAA18BA1DD900CF4670 /* IbeaterTests.m */; };
		EC9FDAF418BA1F5100CF4670 /* AddressBook.framework in Frameworks */ = {isa = PBXBuildFile; fileRef = EC9FDAED18BA1F5100CF4670 /* AddressBook.framework */; };
		EC9FDAF518BA1F5100CF4670 /* AddressBookUI.framework in Frameworks */ = {isa = PBXBuildFile; fileRef = EC9FDAEE18BA1F5100CF4670 /* AddressBookUI.framework */; };
		EC9FDAF618BA1F5100CF4670 /* AVFoundation.framework in Frameworks */ = {isa = PBXBuildFile; fileRef = EC9FDAEF18BA1F5100CF4670 /* AVFoundation.framework */; };
		EC9FDAF718BA1F5100CF4670 /* CoreLocation.framework in Frameworks */ = {isa = PBXBuildFile; fileRef = EC9FDAF018BA1F5100CF4670 /* CoreLocation.framework */; };
		EC9FDAF818BA1F5100CF4670 /* CoreText.framework in Frameworks */ = {isa = PBXBuildFile; fileRef = EC9FDAF118BA1F5100CF4670 /* CoreText.framework */; };
		EC9FDAF918BA1F5100CF4670 /* QuartzCore.framework in Frameworks */ = {isa = PBXBuildFile; fileRef = EC9FDAF218BA1F5100CF4670 /* QuartzCore.framework */; };
		EC9FDAFA18BA1F5100CF4670 /* Security.framework in Frameworks */ = {isa = PBXBuildFile; fileRef = EC9FDAF318BA1F5100CF4670 /* Security.framework */; };
		EC9FDB3D18BA2BAB00CF4670 /* libicucore.A.dylib in Frameworks */ = {isa = PBXBuildFile; fileRef = EC9FDB3C18BA2BAB00CF4670 /* libicucore.A.dylib */; };
/* End PBXBuildFile section */

/* Begin PBXContainerItemProxy section */
		EC27094518D3D01100E6AC0F /* PBXContainerItemProxy */ = {
			isa = PBXContainerItemProxy;
			containerPortal = EC27094018D3D01100E6AC0F /* SoundCloudAPI.xcodeproj */;
			proxyType = 2;
			remoteGlobalIDString = 94535F86123FAFDF00BD668A;
			remoteInfo = SoundCloudAPI.framework;
		};
		EC27094718D3D01100E6AC0F /* PBXContainerItemProxy */ = {
			isa = PBXContainerItemProxy;
			containerPortal = EC27094018D3D01100E6AC0F /* SoundCloudAPI.xcodeproj */;
			proxyType = 2;
			remoteGlobalIDString = D2AAC07E0554694100DB518D;
			remoteInfo = SoundCloudAPI;
		};
		EC27094E18D3D02300E6AC0F /* PBXContainerItemProxy */ = {
			isa = PBXContainerItemProxy;
			containerPortal = EC27094918D3D02300E6AC0F /* SoundCloudUI.xcodeproj */;
			proxyType = 2;
			remoteGlobalIDString = F6EF8C6113F929D700B20B40;
			remoteInfo = libSoundCloudUI;
		};
		EC27095018D3D02300E6AC0F /* PBXContainerItemProxy */ = {
			isa = PBXContainerItemProxy;
			containerPortal = EC27094918D3D02300E6AC0F /* SoundCloudUI.xcodeproj */;
			proxyType = 2;
			remoteGlobalIDString = F62E0CE5148FB27100BE8F14;
			remoteInfo = SoundCloudUI.framework;
		};
		EC27096018D3D04C00E6AC0F /* PBXContainerItemProxy */ = {
			isa = PBXContainerItemProxy;
			containerPortal = EC27095B18D3D04C00E6AC0F /* JSONKit.xcodeproj */;
			proxyType = 2;
			remoteGlobalIDString = F6803523148F6D22008A51BA;
			remoteInfo = libJSONKit;
		};
		EC27096218D3D04C00E6AC0F /* PBXContainerItemProxy */ = {
			isa = PBXContainerItemProxy;
			containerPortal = EC27095B18D3D04C00E6AC0F /* JSONKit.xcodeproj */;
			proxyType = 2;
			remoteGlobalIDString = F6AE0202148F825C0004909F;
			remoteInfo = JSONKit.framework;
		};
		EC27096918D3D05C00E6AC0F /* PBXContainerItemProxy */ = {
			isa = PBXContainerItemProxy;
			containerPortal = EC27096418D3D05C00E6AC0F /* OAuth2Client.xcodeproj */;
			proxyType = 2;
			remoteGlobalIDString = 942FFCD612315E0A00E6C65E;
			remoteInfo = OAuth2Client.framework;
		};
		EC27096B18D3D05C00E6AC0F /* PBXContainerItemProxy */ = {
			isa = PBXContainerItemProxy;
			containerPortal = EC27096418D3D05C00E6AC0F /* OAuth2Client.xcodeproj */;
			proxyType = 2;
			remoteGlobalIDString = D2AAC07E0554694100DB518D;
			remoteInfo = OAuth2Client;
		};
		EC27097118D3D06D00E6AC0F /* PBXContainerItemProxy */ = {
			isa = PBXContainerItemProxy;
			containerPortal = EC27096D18D3D06D00E6AC0F /* OHAttributedLabel.xcodeproj */;
			proxyType = 2;
			remoteGlobalIDString = F62728FA148F70DF00314599;
			remoteInfo = OHAttributedLabel;
		};
		EC27097318D3D08000E6AC0F /* PBXContainerItemProxy */ = {
			isa = PBXContainerItemProxy;
			containerPortal = EC27096D18D3D06D00E6AC0F /* OHAttributedLabel.xcodeproj */;
			proxyType = 1;
			remoteGlobalIDString = F62728F9148F70DF00314599;
			remoteInfo = OHAttributedLabel;
		};
		EC27097518D3D08000E6AC0F /* PBXContainerItemProxy */ = {
			isa = PBXContainerItemProxy;
			containerPortal = EC27096418D3D05C00E6AC0F /* OAuth2Client.xcodeproj */;
			proxyType = 1;
			remoteGlobalIDString = D2AAC07D0554694100DB518D;
			remoteInfo = OAuth2Client;
		};
		EC27097718D3D08000E6AC0F /* PBXContainerItemProxy */ = {
			isa = PBXContainerItemProxy;
			containerPortal = EC27095B18D3D04C00E6AC0F /* JSONKit.xcodeproj */;
			proxyType = 1;
			remoteGlobalIDString = F6803522148F6D22008A51BA;
			remoteInfo = libJSONKit;
		};
		EC27097918D3D08000E6AC0F /* PBXContainerItemProxy */ = {
			isa = PBXContainerItemProxy;
			containerPortal = EC27094918D3D02300E6AC0F /* SoundCloudUI.xcodeproj */;
			proxyType = 1;
			remoteGlobalIDString = F6EF8C6013F929D700B20B40;
			remoteInfo = libSoundCloudUI;
		};
		EC27097B18D3D08000E6AC0F /* PBXContainerItemProxy */ = {
			isa = PBXContainerItemProxy;
			containerPortal = EC27094018D3D01100E6AC0F /* SoundCloudAPI.xcodeproj */;
			proxyType = 1;
			remoteGlobalIDString = D2AAC07D0554694100DB518D;
			remoteInfo = SoundCloudAPI;
		};
		EC9FDAA218BA1DD900CF4670 /* PBXContainerItemProxy */ = {
			isa = PBXContainerItemProxy;
			containerPortal = EC9FDA7118BA1DD900CF4670 /* Project object */;
			proxyType = 1;
			remoteGlobalIDString = EC9FDA7818BA1DD900CF4670;
			remoteInfo = Ibeater;
		};
/* End PBXContainerItemProxy section */

/* Begin PBXFileReference section */
		EC27094018D3D01100E6AC0F /* SoundCloudAPI.xcodeproj */ = {isa = PBXFileReference; lastKnownFileType = "wrapper.pb-project"; name = SoundCloudAPI.xcodeproj; path = CocoaSoundCloudAPI/SoundCloudAPI.xcodeproj; sourceTree = "<group>"; };
		EC27094918D3D02300E6AC0F /* SoundCloudUI.xcodeproj */ = {isa = PBXFileReference; lastKnownFileType = "wrapper.pb-project"; name = SoundCloudUI.xcodeproj; path = CocoaSoundCloudUI/SoundCloudUI.xcodeproj; sourceTree = "<group>"; };
		EC27095B18D3D04C00E6AC0F /* JSONKit.xcodeproj */ = {isa = PBXFileReference; lastKnownFileType = "wrapper.pb-project"; name = JSONKit.xcodeproj; path = JSONKit/JSONKit.xcodeproj; sourceTree = "<group>"; };
		EC27096418D3D05C00E6AC0F /* OAuth2Client.xcodeproj */ = {isa = PBXFileReference; lastKnownFileType = "wrapper.pb-project"; name = OAuth2Client.xcodeproj; path = OAuth2Client/OAuth2Client.xcodeproj; sourceTree = "<group>"; };
		EC27096D18D3D06D00E6AC0F /* OHAttributedLabel.xcodeproj */ = {isa = PBXFileReference; lastKnownFileType = "wrapper.pb-project"; name = OHAttributedLabel.xcodeproj; path = OHAttributedLabel/OHAttributedLabel.xcodeproj; sourceTree = "<group>"; };
		EC27098218D3D13500E6AC0F /* SoundCloud.bundle */ = {isa = PBXFileReference; lastKnownFileType = "wrapper.plug-in"; name = SoundCloud.bundle; path = CocoaSoundCloudUI/SoundCloud.bundle; sourceTree = "<group>"; };
		EC27099318D722A600E6AC0F /* base64.c */ = {isa = PBXFileReference; fileEncoding = 4; lastKnownFileType = sourcecode.c.c; path = base64.c; sourceTree = "<group>"; };
		EC27099418D722A600E6AC0F /* base64.h */ = {isa = PBXFileReference; fileEncoding = 4; lastKnownFileType = sourcecode.c.h; path = base64.h; sourceTree = "<group>"; };
		EC27099518D722A600E6AC0F /* NSData+SRB64Additions.h */ = {isa = PBXFileReference; fileEncoding = 4; lastKnownFileType = sourcecode.c.h; path = "NSData+SRB64Additions.h"; sourceTree = "<group>"; };
		EC27099618D722A600E6AC0F /* NSData+SRB64Additions.m */ = {isa = PBXFileReference; fileEncoding = 4; lastKnownFileType = sourcecode.c.objc; path = "NSData+SRB64Additions.m"; sourceTree = "<group>"; };
		EC27099718D722A600E6AC0F /* SocketIO.h */ = {isa = PBXFileReference; fileEncoding = 4; lastKnownFileType = sourcecode.c.h; path = SocketIO.h; sourceTree = "<group>"; };
		EC27099818D722A600E6AC0F /* SocketIO.m */ = {isa = PBXFileReference; fileEncoding = 4; lastKnownFileType = sourcecode.c.objc; path = SocketIO.m; sourceTree = "<group>"; };
		EC27099918D722A600E6AC0F /* SocketIOJSONSerialization.h */ = {isa = PBXFileReference; fileEncoding = 4; lastKnownFileType = sourcecode.c.h; path = SocketIOJSONSerialization.h; sourceTree = "<group>"; };
		EC27099A18D722A600E6AC0F /* SocketIOJSONSerialization.m */ = {isa = PBXFileReference; fileEncoding = 4; lastKnownFileType = sourcecode.c.objc; path = SocketIOJSONSerialization.m; sourceTree = "<group>"; };
		EC27099B18D722A600E6AC0F /* SocketIOPacket.h */ = {isa = PBXFileReference; fileEncoding = 4; lastKnownFileType = sourcecode.c.h; path = SocketIOPacket.h; sourceTree = "<group>"; };
		EC27099C18D722A600E6AC0F /* SocketIOPacket.m */ = {isa = PBXFileReference; fileEncoding = 4; lastKnownFileType = sourcecode.c.objc; path = SocketIOPacket.m; sourceTree = "<group>"; };
		EC27099D18D722A600E6AC0F /* SocketIOTransport.h */ = {isa = PBXFileReference; fileEncoding = 4; lastKnownFileType = sourcecode.c.h; path = SocketIOTransport.h; sourceTree = "<group>"; };
		EC27099E18D722A600E6AC0F /* SocketIOTransportWebsocket.h */ = {isa = PBXFileReference; fileEncoding = 4; lastKnownFileType = sourcecode.c.h; path = SocketIOTransportWebsocket.h; sourceTree = "<group>"; };
		EC27099F18D722A600E6AC0F /* SocketIOTransportWebsocket.m */ = {isa = PBXFileReference; fileEncoding = 4; lastKnownFileType = sourcecode.c.objc; path = SocketIOTransportWebsocket.m; sourceTree = "<group>"; };
		EC2709A018D722A600E6AC0F /* SocketIOTransportXHR.h */ = {isa = PBXFileReference; fileEncoding = 4; lastKnownFileType = sourcecode.c.h; path = SocketIOTransportXHR.h; sourceTree = "<group>"; };
		EC2709A118D722A600E6AC0F /* SocketIOTransportXHR.m */ = {isa = PBXFileReference; fileEncoding = 4; lastKnownFileType = sourcecode.c.objc; path = SocketIOTransportXHR.m; sourceTree = "<group>"; };
		EC2709A218D722A600E6AC0F /* SRWebSocket.h */ = {isa = PBXFileReference; fileEncoding = 4; lastKnownFileType = sourcecode.c.h; path = SRWebSocket.h; sourceTree = "<group>"; };
		EC2709A318D722A600E6AC0F /* SRWebSocket.m */ = {isa = PBXFileReference; fileEncoding = 4; lastKnownFileType = sourcecode.c.objc; path = SRWebSocket.m; sourceTree = "<group>"; };
		EC2709AC18D724E800E6AC0F /* WeMixBrain.h */ = {isa = PBXFileReference; fileEncoding = 4; lastKnownFileType = sourcecode.c.h; path = WeMixBrain.h; sourceTree = "<group>"; };
		EC2709AD18D724E800E6AC0F /* WeMixBrain.m */ = {isa = PBXFileReference; fileEncoding = 4; lastKnownFileType = sourcecode.c.objc; path = WeMixBrain.m; sourceTree = "<group>"; };
		EC67686318C665A70057BB30 /* MixPlayer.h */ = {isa = PBXFileReference; fileEncoding = 4; lastKnownFileType = sourcecode.c.h; path = MixPlayer.h; sourceTree = "<group>"; };
		EC67686418C665A70057BB30 /* MixPlayer.m */ = {isa = PBXFileReference; fileEncoding = 4; lastKnownFileType = sourcecode.c.objc; path = MixPlayer.m; sourceTree = "<group>"; };
		EC9FDA7918BA1DD900CF4670 /* Ibeater.app */ = {isa = PBXFileReference; explicitFileType = wrapper.application; includeInIndex = 0; path = Ibeater.app; sourceTree = BUILT_PRODUCTS_DIR; };
		EC9FDA7C18BA1DD900CF4670 /* Foundation.framework */ = {isa = PBXFileReference; lastKnownFileType = wrapper.framework; name = Foundation.framework; path = System/Library/Frameworks/Foundation.framework; sourceTree = SDKROOT; };
		EC9FDA7E18BA1DD900CF4670 /* CoreGraphics.framework */ = {isa = PBXFileReference; lastKnownFileType = wrapper.framework; name = CoreGraphics.framework; path = System/Library/Frameworks/CoreGraphics.framework; sourceTree = SDKROOT; };
		EC9FDA8018BA1DD900CF4670 /* UIKit.framework */ = {isa = PBXFileReference; lastKnownFileType = wrapper.framework; name = UIKit.framework; path = System/Library/Frameworks/UIKit.framework; sourceTree = SDKROOT; };
		EC9FDA8418BA1DD900CF4670 /* Ibeater-Info.plist */ = {isa = PBXFileReference; lastKnownFileType = text.plist.xml; path = "Ibeater-Info.plist"; sourceTree = "<group>"; };
		EC9FDA8618BA1DD900CF4670 /* en */ = {isa = PBXFileReference; lastKnownFileType = text.plist.strings; name = en; path = en.lproj/InfoPlist.strings; sourceTree = "<group>"; };
		EC9FDA8818BA1DD900CF4670 /* main.m */ = {isa = PBXFileReference; lastKnownFileType = sourcecode.c.objc; path = main.m; sourceTree = "<group>"; };
		EC9FDA8A18BA1DD900CF4670 /* Ibeater-Prefix.pch */ = {isa = PBXFileReference; lastKnownFileType = sourcecode.c.h; path = "Ibeater-Prefix.pch"; sourceTree = "<group>"; };
		EC9FDA8B18BA1DD900CF4670 /* IBeaterAppDelegate.h */ = {isa = PBXFileReference; lastKnownFileType = sourcecode.c.h; path = IBeaterAppDelegate.h; sourceTree = "<group>"; };
		EC9FDA8C18BA1DD900CF4670 /* IBeaterAppDelegate.m */ = {isa = PBXFileReference; lastKnownFileType = sourcecode.c.objc; path = IBeaterAppDelegate.m; sourceTree = "<group>"; };
		EC9FDA8F18BA1DD900CF4670 /* Base */ = {isa = PBXFileReference; lastKnownFileType = file.storyboard; name = Base; path = Base.lproj/Main_iPhone.storyboard; sourceTree = "<group>"; };
		EC9FDA9218BA1DD900CF4670 /* Base */ = {isa = PBXFileReference; lastKnownFileType = file.storyboard; name = Base; path = Base.lproj/Main_iPad.storyboard; sourceTree = "<group>"; };
		EC9FDA9418BA1DD900CF4670 /* IBeaterViewController.h */ = {isa = PBXFileReference; lastKnownFileType = sourcecode.c.h; path = IBeaterViewController.h; sourceTree = "<group>"; };
		EC9FDA9518BA1DD900CF4670 /* IBeaterViewController.m */ = {isa = PBXFileReference; lastKnownFileType = sourcecode.c.objc; path = IBeaterViewController.m; sourceTree = "<group>"; };
		EC9FDA9718BA1DD900CF4670 /* Images.xcassets */ = {isa = PBXFileReference; lastKnownFileType = folder.assetcatalog; path = Images.xcassets; sourceTree = "<group>"; };
		EC9FDA9D18BA1DD900CF4670 /* IbeaterTests.xctest */ = {isa = PBXFileReference; explicitFileType = wrapper.cfbundle; includeInIndex = 0; path = IbeaterTests.xctest; sourceTree = BUILT_PRODUCTS_DIR; };
		EC9FDA9E18BA1DD900CF4670 /* XCTest.framework */ = {isa = PBXFileReference; lastKnownFileType = wrapper.framework; name = XCTest.framework; path = Library/Frameworks/XCTest.framework; sourceTree = DEVELOPER_DIR; };
		EC9FDAA618BA1DD900CF4670 /* IbeaterTests-Info.plist */ = {isa = PBXFileReference; lastKnownFileType = text.plist.xml; path = "IbeaterTests-Info.plist"; sourceTree = "<group>"; };
		EC9FDAA818BA1DD900CF4670 /* en */ = {isa = PBXFileReference; lastKnownFileType = text.plist.strings; name = en; path = en.lproj/InfoPlist.strings; sourceTree = "<group>"; };
		EC9FDAAA18BA1DD900CF4670 /* IbeaterTests.m */ = {isa = PBXFileReference; lastKnownFileType = sourcecode.c.objc; path = IbeaterTests.m; sourceTree = "<group>"; };
		EC9FDAED18BA1F5100CF4670 /* AddressBook.framework */ = {isa = PBXFileReference; lastKnownFileType = wrapper.framework; name = AddressBook.framework; path = System/Library/Frameworks/AddressBook.framework; sourceTree = SDKROOT; };
		EC9FDAEE18BA1F5100CF4670 /* AddressBookUI.framework */ = {isa = PBXFileReference; lastKnownFileType = wrapper.framework; name = AddressBookUI.framework; path = System/Library/Frameworks/AddressBookUI.framework; sourceTree = SDKROOT; };
		EC9FDAEF18BA1F5100CF4670 /* AVFoundation.framework */ = {isa = PBXFileReference; lastKnownFileType = wrapper.framework; name = AVFoundation.framework; path = System/Library/Frameworks/AVFoundation.framework; sourceTree = SDKROOT; };
		EC9FDAF018BA1F5100CF4670 /* CoreLocation.framework */ = {isa = PBXFileReference; lastKnownFileType = wrapper.framework; name = CoreLocation.framework; path = System/Library/Frameworks/CoreLocation.framework; sourceTree = SDKROOT; };
		EC9FDAF118BA1F5100CF4670 /* CoreText.framework */ = {isa = PBXFileReference; lastKnownFileType = wrapper.framework; name = CoreText.framework; path = System/Library/Frameworks/CoreText.framework; sourceTree = SDKROOT; };
		EC9FDAF218BA1F5100CF4670 /* QuartzCore.framework */ = {isa = PBXFileReference; lastKnownFileType = wrapper.framework; name = QuartzCore.framework; path = System/Library/Frameworks/QuartzCore.framework; sourceTree = SDKROOT; };
		EC9FDAF318BA1F5100CF4670 /* Security.framework */ = {isa = PBXFileReference; lastKnownFileType = wrapper.framework; name = Security.framework; path = System/Library/Frameworks/Security.framework; sourceTree = SDKROOT; };
		EC9FDB3C18BA2BAB00CF4670 /* libicucore.A.dylib */ = {isa = PBXFileReference; lastKnownFileType = "compiled.mach-o.dylib"; name = libicucore.A.dylib; path = usr/lib/libicucore.A.dylib; sourceTree = SDKROOT; };
/* End PBXFileReference section */

/* Begin PBXFrameworksBuildPhase section */
		EC9FDA7618BA1DD900CF4670 /* Frameworks */ = {
			isa = PBXFrameworksBuildPhase;
			buildActionMask = 2147483647;
			files = (
				EC27097D18D3D09800E6AC0F /* libJSONKit.a in Frameworks */,
				EC27097E18D3D09800E6AC0F /* libOAuth2Client.a in Frameworks */,
				EC27097F18D3D09800E6AC0F /* libOHAttributedLabel.a in Frameworks */,
				EC27098018D3D09800E6AC0F /* libSoundCloudAPI.a in Frameworks */,
				EC27098118D3D09800E6AC0F /* libSoundCloudUI.a in Frameworks */,
				EC9FDB3D18BA2BAB00CF4670 /* libicucore.A.dylib in Frameworks */,
				EC9FDAF418BA1F5100CF4670 /* AddressBook.framework in Frameworks */,
				EC9FDAF518BA1F5100CF4670 /* AddressBookUI.framework in Frameworks */,
				EC9FDAF618BA1F5100CF4670 /* AVFoundation.framework in Frameworks */,
				EC9FDAF718BA1F5100CF4670 /* CoreLocation.framework in Frameworks */,
				EC9FDAF818BA1F5100CF4670 /* CoreText.framework in Frameworks */,
				EC9FDAF918BA1F5100CF4670 /* QuartzCore.framework in Frameworks */,
				EC9FDAFA18BA1F5100CF4670 /* Security.framework in Frameworks */,
				EC9FDA7F18BA1DD900CF4670 /* CoreGraphics.framework in Frameworks */,
				EC9FDA8118BA1DD900CF4670 /* UIKit.framework in Frameworks */,
				EC9FDA7D18BA1DD900CF4670 /* Foundation.framework in Frameworks */,
			);
			runOnlyForDeploymentPostprocessing = 0;
		};
		EC9FDA9A18BA1DD900CF4670 /* Frameworks */ = {
			isa = PBXFrameworksBuildPhase;
			buildActionMask = 2147483647;
			files = (
				EC9FDA9F18BA1DD900CF4670 /* XCTest.framework in Frameworks */,
				EC9FDAA118BA1DD900CF4670 /* UIKit.framework in Frameworks */,
				EC9FDAA018BA1DD900CF4670 /* Foundation.framework in Frameworks */,
			);
			runOnlyForDeploymentPostprocessing = 0;
		};
/* End PBXFrameworksBuildPhase section */

/* Begin PBXGroup section */
		EC27093F18D3CFF200E6AC0F /* SoundCloud */ = {
			isa = PBXGroup;
			children = (
				EC27096D18D3D06D00E6AC0F /* OHAttributedLabel.xcodeproj */,
				EC27096418D3D05C00E6AC0F /* OAuth2Client.xcodeproj */,
				EC27095B18D3D04C00E6AC0F /* JSONKit.xcodeproj */,
				EC27094918D3D02300E6AC0F /* SoundCloudUI.xcodeproj */,
				EC27094018D3D01100E6AC0F /* SoundCloudAPI.xcodeproj */,
			);
			name = SoundCloud;
			sourceTree = "<group>";
		};
		EC27094118D3D01100E6AC0F /* Products */ = {
			isa = PBXGroup;
			children = (
				EC27094618D3D01100E6AC0F /* SoundCloudAPI.framework */,
				EC27094818D3D01100E6AC0F /* libSoundCloudAPI.a */,
			);
			name = Products;
			sourceTree = "<group>";
		};
		EC27094A18D3D02300E6AC0F /* Products */ = {
			isa = PBXGroup;
			children = (
				EC27094F18D3D02300E6AC0F /* libSoundCloudUI.a */,
				EC27095118D3D02300E6AC0F /* SoundCloudUI.framework */,
			);
			name = Products;
			sourceTree = "<group>";
		};
		EC27095C18D3D04C00E6AC0F /* Products */ = {
			isa = PBXGroup;
			children = (
				EC27096118D3D04C00E6AC0F /* libJSONKit.a */,
				EC27096318D3D04C00E6AC0F /* JSONKit.framework */,
			);
			name = Products;
			sourceTree = "<group>";
		};
		EC27096518D3D05C00E6AC0F /* Products */ = {
			isa = PBXGroup;
			children = (
				EC27096A18D3D05C00E6AC0F /* OAuth2Client.framework */,
				EC27096C18D3D05C00E6AC0F /* libOAuth2Client.a */,
			);
			name = Products;
			sourceTree = "<group>";
		};
		EC27096E18D3D06D00E6AC0F /* Products */ = {
			isa = PBXGroup;
			children = (
				EC27097218D3D06D00E6AC0F /* libOHAttributedLabel.a */,
			);
			name = Products;
			sourceTree = "<group>";
		};
		EC27099218D722A600E6AC0F /* SocketIO */ = {
			isa = PBXGroup;
			children = (
				EC27099318D722A600E6AC0F /* base64.c */,
				EC27099418D722A600E6AC0F /* base64.h */,
				EC27099518D722A600E6AC0F /* NSData+SRB64Additions.h */,
				EC27099618D722A600E6AC0F /* NSData+SRB64Additions.m */,
				EC27099718D722A600E6AC0F /* SocketIO.h */,
				EC27099818D722A600E6AC0F /* SocketIO.m */,
				EC27099918D722A600E6AC0F /* SocketIOJSONSerialization.h */,
				EC27099A18D722A600E6AC0F /* SocketIOJSONSerialization.m */,
				EC27099B18D722A600E6AC0F /* SocketIOPacket.h */,
				EC27099C18D722A600E6AC0F /* SocketIOPacket.m */,
				EC27099D18D722A600E6AC0F /* SocketIOTransport.h */,
				EC27099E18D722A600E6AC0F /* SocketIOTransportWebsocket.h */,
				EC27099F18D722A600E6AC0F /* SocketIOTransportWebsocket.m */,
				EC2709A018D722A600E6AC0F /* SocketIOTransportXHR.h */,
				EC2709A118D722A600E6AC0F /* SocketIOTransportXHR.m */,
				EC2709A218D722A600E6AC0F /* SRWebSocket.h */,
				EC2709A318D722A600E6AC0F /* SRWebSocket.m */,
			);
			path = SocketIO;
			sourceTree = "<group>";
		};
		EC9FDA7018BA1DD900CF4670 = {
			isa = PBXGroup;
			children = (
				EC27099218D722A600E6AC0F /* SocketIO */,
				EC27098218D3D13500E6AC0F /* SoundCloud.bundle */,
				EC27093F18D3CFF200E6AC0F /* SoundCloud */,
				EC9FDA8218BA1DD900CF4670 /* Ibeater */,
				EC9FDAA418BA1DD900CF4670 /* IbeaterTests */,
				EC9FDA7B18BA1DD900CF4670 /* Frameworks */,
				EC9FDA7A18BA1DD900CF4670 /* Products */,
			);
			sourceTree = "<group>";
		};
		EC9FDA7A18BA1DD900CF4670 /* Products */ = {
			isa = PBXGroup;
			children = (
				EC9FDA7918BA1DD900CF4670 /* Ibeater.app */,
				EC9FDA9D18BA1DD900CF4670 /* IbeaterTests.xctest */,
			);
			name = Products;
			sourceTree = "<group>";
		};
		EC9FDA7B18BA1DD900CF4670 /* Frameworks */ = {
			isa = PBXGroup;
			children = (
				EC9FDB3C18BA2BAB00CF4670 /* libicucore.A.dylib */,
				EC9FDAED18BA1F5100CF4670 /* AddressBook.framework */,
				EC9FDAEE18BA1F5100CF4670 /* AddressBookUI.framework */,
				EC9FDAEF18BA1F5100CF4670 /* AVFoundation.framework */,
				EC9FDAF018BA1F5100CF4670 /* CoreLocation.framework */,
				EC9FDAF118BA1F5100CF4670 /* CoreText.framework */,
				EC9FDAF218BA1F5100CF4670 /* QuartzCore.framework */,
				EC9FDAF318BA1F5100CF4670 /* Security.framework */,
				EC9FDA7C18BA1DD900CF4670 /* Foundation.framework */,
				EC9FDA7E18BA1DD900CF4670 /* CoreGraphics.framework */,
				EC9FDA8018BA1DD900CF4670 /* UIKit.framework */,
				EC9FDA9E18BA1DD900CF4670 /* XCTest.framework */,
			);
			name = Frameworks;
			sourceTree = "<group>";
		};
		EC9FDA8218BA1DD900CF4670 /* Ibeater */ = {
			isa = PBXGroup;
			children = (
				EC2709AC18D724E800E6AC0F /* WeMixBrain.h */,
				EC2709AD18D724E800E6AC0F /* WeMixBrain.m */,
				EC67686318C665A70057BB30 /* MixPlayer.h */,
				EC67686418C665A70057BB30 /* MixPlayer.m */,
				EC9FDA8B18BA1DD900CF4670 /* IBeaterAppDelegate.h */,
				EC9FDA8C18BA1DD900CF4670 /* IBeaterAppDelegate.m */,
				EC9FDA8E18BA1DD900CF4670 /* Main_iPhone.storyboard */,
				EC9FDA9118BA1DD900CF4670 /* Main_iPad.storyboard */,
				EC9FDA9418BA1DD900CF4670 /* IBeaterViewController.h */,
				EC9FDA9518BA1DD900CF4670 /* IBeaterViewController.m */,
				EC9FDA9718BA1DD900CF4670 /* Images.xcassets */,
				EC9FDA8318BA1DD900CF4670 /* Supporting Files */,
			);
			path = Ibeater;
			sourceTree = "<group>";
		};
		EC9FDA8318BA1DD900CF4670 /* Supporting Files */ = {
			isa = PBXGroup;
			children = (
				EC9FDA8418BA1DD900CF4670 /* Ibeater-Info.plist */,
				EC9FDA8518BA1DD900CF4670 /* InfoPlist.strings */,
				EC9FDA8818BA1DD900CF4670 /* main.m */,
				EC9FDA8A18BA1DD900CF4670 /* Ibeater-Prefix.pch */,
			);
			name = "Supporting Files";
			sourceTree = "<group>";
		};
		EC9FDAA418BA1DD900CF4670 /* IbeaterTests */ = {
			isa = PBXGroup;
			children = (
				EC9FDAAA18BA1DD900CF4670 /* IbeaterTests.m */,
				EC9FDAA518BA1DD900CF4670 /* Supporting Files */,
			);
			path = IbeaterTests;
			sourceTree = "<group>";
		};
		EC9FDAA518BA1DD900CF4670 /* Supporting Files */ = {
			isa = PBXGroup;
			children = (
				EC9FDAA618BA1DD900CF4670 /* IbeaterTests-Info.plist */,
				EC9FDAA718BA1DD900CF4670 /* InfoPlist.strings */,
			);
			name = "Supporting Files";
			sourceTree = "<group>";
		};
/* End PBXGroup section */

/* Begin PBXNativeTarget section */
		EC9FDA7818BA1DD900CF4670 /* Ibeater */ = {
			isa = PBXNativeTarget;
			buildConfigurationList = EC9FDAAE18BA1DD900CF4670 /* Build configuration list for PBXNativeTarget "Ibeater" */;
			buildPhases = (
				EC9FDA7518BA1DD900CF4670 /* Sources */,
				EC9FDA7618BA1DD900CF4670 /* Frameworks */,
				EC9FDA7718BA1DD900CF4670 /* Resources */,
			);
			buildRules = (
			);
			dependencies = (
				EC27097418D3D08000E6AC0F /* PBXTargetDependency */,
				EC27097618D3D08000E6AC0F /* PBXTargetDependency */,
				EC27097818D3D08000E6AC0F /* PBXTargetDependency */,
				EC27097A18D3D08000E6AC0F /* PBXTargetDependency */,
				EC27097C18D3D08000E6AC0F /* PBXTargetDependency */,
			);
			name = Ibeater;
			productName = Ibeater;
			productReference = EC9FDA7918BA1DD900CF4670 /* Ibeater.app */;
			productType = "com.apple.product-type.application";
		};
		EC9FDA9C18BA1DD900CF4670 /* IbeaterTests */ = {
			isa = PBXNativeTarget;
			buildConfigurationList = EC9FDAB118BA1DD900CF4670 /* Build configuration list for PBXNativeTarget "IbeaterTests" */;
			buildPhases = (
				EC9FDA9918BA1DD900CF4670 /* Sources */,
				EC9FDA9A18BA1DD900CF4670 /* Frameworks */,
				EC9FDA9B18BA1DD900CF4670 /* Resources */,
			);
			buildRules = (
			);
			dependencies = (
				EC9FDAA318BA1DD900CF4670 /* PBXTargetDependency */,
			);
			name = IbeaterTests;
			productName = IbeaterTests;
			productReference = EC9FDA9D18BA1DD900CF4670 /* IbeaterTests.xctest */;
			productType = "com.apple.product-type.bundle.unit-test";
		};
/* End PBXNativeTarget section */

/* Begin PBXProject section */
		EC9FDA7118BA1DD900CF4670 /* Project object */ = {
			isa = PBXProject;
			attributes = {
				CLASSPREFIX = IBeater;
				LastUpgradeCheck = 0500;
				ORGANIZATIONNAME = studios.faival.music;
				TargetAttributes = {
					EC9FDA9C18BA1DD900CF4670 = {
						TestTargetID = EC9FDA7818BA1DD900CF4670;
					};
				};
			};
			buildConfigurationList = EC9FDA7418BA1DD900CF4670 /* Build configuration list for PBXProject "Ibeater" */;
			compatibilityVersion = "Xcode 3.2";
			developmentRegion = English;
			hasScannedForEncodings = 0;
			knownRegions = (
				en,
				Base,
			);
			mainGroup = EC9FDA7018BA1DD900CF4670;
			productRefGroup = EC9FDA7A18BA1DD900CF4670 /* Products */;
			projectDirPath = "";
			projectReferences = (
				{
					ProductGroup = EC27095C18D3D04C00E6AC0F /* Products */;
					ProjectRef = EC27095B18D3D04C00E6AC0F /* JSONKit.xcodeproj */;
				},
				{
					ProductGroup = EC27096518D3D05C00E6AC0F /* Products */;
					ProjectRef = EC27096418D3D05C00E6AC0F /* OAuth2Client.xcodeproj */;
				},
				{
					ProductGroup = EC27096E18D3D06D00E6AC0F /* Products */;
					ProjectRef = EC27096D18D3D06D00E6AC0F /* OHAttributedLabel.xcodeproj */;
				},
				{
					ProductGroup = EC27094118D3D01100E6AC0F /* Products */;
					ProjectRef = EC27094018D3D01100E6AC0F /* SoundCloudAPI.xcodeproj */;
				},
				{
					ProductGroup = EC27094A18D3D02300E6AC0F /* Products */;
					ProjectRef = EC27094918D3D02300E6AC0F /* SoundCloudUI.xcodeproj */;
				},
			);
			projectRoot = "";
			targets = (
				EC9FDA7818BA1DD900CF4670 /* Ibeater */,
				EC9FDA9C18BA1DD900CF4670 /* IbeaterTests */,
			);
		};
/* End PBXProject section */

/* Begin PBXReferenceProxy section */
		EC27094618D3D01100E6AC0F /* SoundCloudAPI.framework */ = {
			isa = PBXReferenceProxy;
			fileType = wrapper.framework;
			path = SoundCloudAPI.framework;
			remoteRef = EC27094518D3D01100E6AC0F /* PBXContainerItemProxy */;
			sourceTree = BUILT_PRODUCTS_DIR;
		};
		EC27094818D3D01100E6AC0F /* libSoundCloudAPI.a */ = {
			isa = PBXReferenceProxy;
			fileType = archive.ar;
			path = libSoundCloudAPI.a;
			remoteRef = EC27094718D3D01100E6AC0F /* PBXContainerItemProxy */;
			sourceTree = BUILT_PRODUCTS_DIR;
		};
		EC27094F18D3D02300E6AC0F /* libSoundCloudUI.a */ = {
			isa = PBXReferenceProxy;
			fileType = archive.ar;
			path = libSoundCloudUI.a;
			remoteRef = EC27094E18D3D02300E6AC0F /* PBXContainerItemProxy */;
			sourceTree = BUILT_PRODUCTS_DIR;
		};
		EC27095118D3D02300E6AC0F /* SoundCloudUI.framework */ = {
			isa = PBXReferenceProxy;
			fileType = wrapper.framework;
			path = SoundCloudUI.framework;
			remoteRef = EC27095018D3D02300E6AC0F /* PBXContainerItemProxy */;
			sourceTree = BUILT_PRODUCTS_DIR;
		};
		EC27096118D3D04C00E6AC0F /* libJSONKit.a */ = {
			isa = PBXReferenceProxy;
			fileType = archive.ar;
			path = libJSONKit.a;
			remoteRef = EC27096018D3D04C00E6AC0F /* PBXContainerItemProxy */;
			sourceTree = BUILT_PRODUCTS_DIR;
		};
		EC27096318D3D04C00E6AC0F /* JSONKit.framework */ = {
			isa = PBXReferenceProxy;
			fileType = wrapper.framework;
			path = JSONKit.framework;
			remoteRef = EC27096218D3D04C00E6AC0F /* PBXContainerItemProxy */;
			sourceTree = BUILT_PRODUCTS_DIR;
		};
		EC27096A18D3D05C00E6AC0F /* OAuth2Client.framework */ = {
			isa = PBXReferenceProxy;
			fileType = wrapper.framework;
			path = OAuth2Client.framework;
			remoteRef = EC27096918D3D05C00E6AC0F /* PBXContainerItemProxy */;
			sourceTree = BUILT_PRODUCTS_DIR;
		};
		EC27096C18D3D05C00E6AC0F /* libOAuth2Client.a */ = {
			isa = PBXReferenceProxy;
			fileType = archive.ar;
			path = libOAuth2Client.a;
			remoteRef = EC27096B18D3D05C00E6AC0F /* PBXContainerItemProxy */;
			sourceTree = BUILT_PRODUCTS_DIR;
		};
		EC27097218D3D06D00E6AC0F /* libOHAttributedLabel.a */ = {
			isa = PBXReferenceProxy;
			fileType = archive.ar;
			path = libOHAttributedLabel.a;
			remoteRef = EC27097118D3D06D00E6AC0F /* PBXContainerItemProxy */;
			sourceTree = BUILT_PRODUCTS_DIR;
		};
/* End PBXReferenceProxy section */

/* Begin PBXResourcesBuildPhase section */
		EC9FDA7718BA1DD900CF4670 /* Resources */ = {
			isa = PBXResourcesBuildPhase;
			buildActionMask = 2147483647;
			files = (
				EC9FDA9318BA1DD900CF4670 /* Main_iPad.storyboard in Resources */,
				EC9FDA9818BA1DD900CF4670 /* Images.xcassets in Resources */,
				EC9FDA9018BA1DD900CF4670 /* Main_iPhone.storyboard in Resources */,
				EC9FDA8718BA1DD900CF4670 /* InfoPlist.strings in Resources */,
				EC27098318D3D13500E6AC0F /* SoundCloud.bundle in Resources */,
			);
			runOnlyForDeploymentPostprocessing = 0;
		};
		EC9FDA9B18BA1DD900CF4670 /* Resources */ = {
			isa = PBXResourcesBuildPhase;
			buildActionMask = 2147483647;
			files = (
				EC9FDAA918BA1DD900CF4670 /* InfoPlist.strings in Resources */,
			);
			runOnlyForDeploymentPostprocessing = 0;
		};
/* End PBXResourcesBuildPhase section */

/* Begin PBXSourcesBuildPhase section */
		EC9FDA7518BA1DD900CF4670 /* Sources */ = {
			isa = PBXSourcesBuildPhase;
			buildActionMask = 2147483647;
			files = (
				EC9FDA8918BA1DD900CF4670 /* main.m in Sources */,
				EC2709A518D722A600E6AC0F /* NSData+SRB64Additions.m in Sources */,
				EC2709A818D722A600E6AC0F /* SocketIOPacket.m in Sources */,
				EC9FDA8D18BA1DD900CF4670 /* IBeaterAppDelegate.m in Sources */,
				EC2709AA18D722A600E6AC0F /* SocketIOTransportXHR.m in Sources */,
				EC9FDA9618BA1DD900CF4670 /* IBeaterViewController.m in Sources */,
				EC2709A418D722A600E6AC0F /* base64.c in Sources */,
				EC2709A918D722A600E6AC0F /* SocketIOTransportWebsocket.m in Sources */,
				EC2709AE18D724E800E6AC0F /* WeMixBrain.m in Sources */,
				EC2709A618D722A600E6AC0F /* SocketIO.m in Sources */,
				EC67686518C665A70057BB30 /* MixPlayer.m in Sources */,
				EC2709AB18D722A600E6AC0F /* SRWebSocket.m in Sources */,
				EC2709A718D722A600E6AC0F /* SocketIOJSONSerialization.m in Sources */,
			);
			runOnlyForDeploymentPostprocessing = 0;
		};
		EC9FDA9918BA1DD900CF4670 /* Sources */ = {
			isa = PBXSourcesBuildPhase;
			buildActionMask = 2147483647;
			files = (
				EC9FDAAB18BA1DD900CF4670 /* IbeaterTests.m in Sources */,
			);
			runOnlyForDeploymentPostprocessing = 0;
		};
/* End PBXSourcesBuildPhase section */

/* Begin PBXTargetDependency section */
		EC27097418D3D08000E6AC0F /* PBXTargetDependency */ = {
			isa = PBXTargetDependency;
			name = OHAttributedLabel;
			targetProxy = EC27097318D3D08000E6AC0F /* PBXContainerItemProxy */;
		};
		EC27097618D3D08000E6AC0F /* PBXTargetDependency */ = {
			isa = PBXTargetDependency;
			name = OAuth2Client;
			targetProxy = EC27097518D3D08000E6AC0F /* PBXContainerItemProxy */;
		};
		EC27097818D3D08000E6AC0F /* PBXTargetDependency */ = {
			isa = PBXTargetDependency;
			name = libJSONKit;
			targetProxy = EC27097718D3D08000E6AC0F /* PBXContainerItemProxy */;
		};
		EC27097A18D3D08000E6AC0F /* PBXTargetDependency */ = {
			isa = PBXTargetDependency;
			name = libSoundCloudUI;
			targetProxy = EC27097918D3D08000E6AC0F /* PBXContainerItemProxy */;
		};
		EC27097C18D3D08000E6AC0F /* PBXTargetDependency */ = {
			isa = PBXTargetDependency;
			name = SoundCloudAPI;
			targetProxy = EC27097B18D3D08000E6AC0F /* PBXContainerItemProxy */;
		};
		EC9FDAA318BA1DD900CF4670 /* PBXTargetDependency */ = {
			isa = PBXTargetDependency;
			target = EC9FDA7818BA1DD900CF4670 /* Ibeater */;
			targetProxy = EC9FDAA218BA1DD900CF4670 /* PBXContainerItemProxy */;
		};
/* End PBXTargetDependency section */

/* Begin PBXVariantGroup section */
		EC9FDA8518BA1DD900CF4670 /* InfoPlist.strings */ = {
			isa = PBXVariantGroup;
			children = (
				EC9FDA8618BA1DD900CF4670 /* en */,
			);
			name = InfoPlist.strings;
			sourceTree = "<group>";
		};
		EC9FDA8E18BA1DD900CF4670 /* Main_iPhone.storyboard */ = {
			isa = PBXVariantGroup;
			children = (
				EC9FDA8F18BA1DD900CF4670 /* Base */,
			);
			name = Main_iPhone.storyboard;
			sourceTree = "<group>";
		};
		EC9FDA9118BA1DD900CF4670 /* Main_iPad.storyboard */ = {
			isa = PBXVariantGroup;
			children = (
				EC9FDA9218BA1DD900CF4670 /* Base */,
			);
			name = Main_iPad.storyboard;
			sourceTree = "<group>";
		};
		EC9FDAA718BA1DD900CF4670 /* InfoPlist.strings */ = {
			isa = PBXVariantGroup;
			children = (
				EC9FDAA818BA1DD900CF4670 /* en */,
			);
			name = InfoPlist.strings;
			sourceTree = "<group>";
		};
/* End PBXVariantGroup section */

/* Begin XCBuildConfiguration section */
		EC9FDAAC18BA1DD900CF4670 /* Debug */ = {
			isa = XCBuildConfiguration;
			buildSettings = {
				ALWAYS_SEARCH_USER_PATHS = NO;
				ARCHS = "$(ARCHS_STANDARD_INCLUDING_64_BIT)";
				CLANG_CXX_LANGUAGE_STANDARD = "gnu++0x";
				CLANG_CXX_LIBRARY = "libc++";
				CLANG_ENABLE_MODULES = YES;
				CLANG_ENABLE_OBJC_ARC = YES;
				CLANG_WARN_BOOL_CONVERSION = YES;
				CLANG_WARN_CONSTANT_CONVERSION = YES;
				CLANG_WARN_DIRECT_OBJC_ISA_USAGE = YES_ERROR;
				CLANG_WARN_EMPTY_BODY = YES;
				CLANG_WARN_ENUM_CONVERSION = YES;
				CLANG_WARN_INT_CONVERSION = YES;
				CLANG_WARN_OBJC_ROOT_CLASS = YES_ERROR;
				CLANG_WARN__DUPLICATE_METHOD_MATCH = YES;
				"CODE_SIGN_IDENTITY[sdk=iphoneos*]" = "iPhone Developer";
				COPY_PHASE_STRIP = NO;
				GCC_C_LANGUAGE_STANDARD = gnu99;
				GCC_DYNAMIC_NO_PIC = NO;
				GCC_OPTIMIZATION_LEVEL = 0;
				GCC_PREPROCESSOR_DEFINITIONS = (
					"DEBUG=1",
					"$(inherited)",
				);
				GCC_SYMBOLS_PRIVATE_EXTERN = NO;
				GCC_WARN_64_TO_32_BIT_CONVERSION = YES;
				GCC_WARN_ABOUT_RETURN_TYPE = YES_ERROR;
				GCC_WARN_UNDECLARED_SELECTOR = YES;
				GCC_WARN_UNINITIALIZED_AUTOS = YES;
				GCC_WARN_UNUSED_FUNCTION = YES;
				GCC_WARN_UNUSED_VARIABLE = YES;
				IPHONEOS_DEPLOYMENT_TARGET = 7.0;
				ONLY_ACTIVE_ARCH = YES;
				SDKROOT = iphoneos;
				TARGETED_DEVICE_FAMILY = "1,2";
			};
			name = Debug;
		};
		EC9FDAAD18BA1DD900CF4670 /* Release */ = {
			isa = XCBuildConfiguration;
			buildSettings = {
				ALWAYS_SEARCH_USER_PATHS = NO;
				ARCHS = "$(ARCHS_STANDARD_INCLUDING_64_BIT)";
				CLANG_CXX_LANGUAGE_STANDARD = "gnu++0x";
				CLANG_CXX_LIBRARY = "libc++";
				CLANG_ENABLE_MODULES = YES;
				CLANG_ENABLE_OBJC_ARC = YES;
				CLANG_WARN_BOOL_CONVERSION = YES;
				CLANG_WARN_CONSTANT_CONVERSION = YES;
				CLANG_WARN_DIRECT_OBJC_ISA_USAGE = YES_ERROR;
				CLANG_WARN_EMPTY_BODY = YES;
				CLANG_WARN_ENUM_CONVERSION = YES;
				CLANG_WARN_INT_CONVERSION = YES;
				CLANG_WARN_OBJC_ROOT_CLASS = YES_ERROR;
				CLANG_WARN__DUPLICATE_METHOD_MATCH = YES;
				"CODE_SIGN_IDENTITY[sdk=iphoneos*]" = "iPhone Developer";
				COPY_PHASE_STRIP = YES;
				ENABLE_NS_ASSERTIONS = NO;
				GCC_C_LANGUAGE_STANDARD = gnu99;
				GCC_WARN_64_TO_32_BIT_CONVERSION = YES;
				GCC_WARN_ABOUT_RETURN_TYPE = YES_ERROR;
				GCC_WARN_UNDECLARED_SELECTOR = YES;
				GCC_WARN_UNINITIALIZED_AUTOS = YES;
				GCC_WARN_UNUSED_FUNCTION = YES;
				GCC_WARN_UNUSED_VARIABLE = YES;
				IPHONEOS_DEPLOYMENT_TARGET = 7.0;
				SDKROOT = iphoneos;
				TARGETED_DEVICE_FAMILY = "1,2";
				VALIDATE_PRODUCT = YES;
			};
			name = Release;
		};
		EC9FDAAF18BA1DD900CF4670 /* Debug */ = {
			isa = XCBuildConfiguration;
			buildSettings = {
				ASSETCATALOG_COMPILER_APPICON_NAME = AppIcon;
				ASSETCATALOG_COMPILER_LAUNCHIMAGE_NAME = LaunchImage;
				GCC_PRECOMPILE_PREFIX_HEADER = YES;
				GCC_PREFIX_HEADER = "Ibeater/Ibeater-Prefix.pch";
				HEADER_SEARCH_PATHS = (
					"$PROJECT_DIR/**",
					"$(inherited)",
					/Applications/Xcode.app/Contents/Developer/Toolchains/XcodeDefault.xctoolchain/usr/include,
					"$PROJECT_DIR/**",
				);
				INFOPLIST_FILE = "Ibeater/Ibeater-Info.plist";
				OTHER_LDFLAGS = (
					"-all_load",
					"-ObjC",
				);
				PRODUCT_NAME = "$(TARGET_NAME)";
				WRAPPER_EXTENSION = app;
			};
			name = Debug;
		};
		EC9FDAB018BA1DD900CF4670 /* Release */ = {
			isa = XCBuildConfiguration;
			buildSettings = {
				ASSETCATALOG_COMPILER_APPICON_NAME = AppIcon;
				ASSETCATALOG_COMPILER_LAUNCHIMAGE_NAME = LaunchImage;
				GCC_PRECOMPILE_PREFIX_HEADER = YES;
				GCC_PREFIX_HEADER = "Ibeater/Ibeater-Prefix.pch";
				HEADER_SEARCH_PATHS = (
					"$PROJECT_DIR/**",
					"$(inherited)",
					/Applications/Xcode.app/Contents/Developer/Toolchains/XcodeDefault.xctoolchain/usr/include,
					"$PROJECT_DIR/**",
				);
				INFOPLIST_FILE = "Ibeater/Ibeater-Info.plist";
				OTHER_LDFLAGS = (
					"-all_load",
					"-ObjC",
				);
				PRODUCT_NAME = "$(TARGET_NAME)";
				WRAPPER_EXTENSION = app;
			};
			name = Release;
		};
		EC9FDAB218BA1DD900CF4670 /* Debug */ = {
			isa = XCBuildConfiguration;
			buildSettings = {
				ARCHS = "$(ARCHS_STANDARD_INCLUDING_64_BIT)";
				BUNDLE_LOADER = "$(BUILT_PRODUCTS_DIR)/Ibeater.app/Ibeater";
				FRAMEWORK_SEARCH_PATHS = (
					"$(SDKROOT)/Developer/Library/Frameworks",
					"$(inherited)",
					"$(DEVELOPER_FRAMEWORKS_DIR)",
				);
				GCC_PRECOMPILE_PREFIX_HEADER = YES;
				GCC_PREFIX_HEADER = "Ibeater/Ibeater-Prefix.pch";
				GCC_PREPROCESSOR_DEFINITIONS = (
					"DEBUG=1",
					"$(inherited)",
				);
				INFOPLIST_FILE = "IbeaterTests/IbeaterTests-Info.plist";
				PRODUCT_NAME = "$(TARGET_NAME)";
				TEST_HOST = "$(BUNDLE_LOADER)";
				WRAPPER_EXTENSION = xctest;
			};
			name = Debug;
		};
		EC9FDAB318BA1DD900CF4670 /* Release */ = {
			isa = XCBuildConfiguration;
			buildSettings = {
				ARCHS = "$(ARCHS_STANDARD_INCLUDING_64_BIT)";
				BUNDLE_LOADER = "$(BUILT_PRODUCTS_DIR)/Ibeater.app/Ibeater";
				FRAMEWORK_SEARCH_PATHS = (
					"$(SDKROOT)/Developer/Library/Frameworks",
					"$(inherited)",
					"$(DEVELOPER_FRAMEWORKS_DIR)",
				);
				GCC_PRECOMPILE_PREFIX_HEADER = YES;
				GCC_PREFIX_HEADER = "Ibeater/Ibeater-Prefix.pch";
				INFOPLIST_FILE = "IbeaterTests/IbeaterTests-Info.plist";
				PRODUCT_NAME = "$(TARGET_NAME)";
				TEST_HOST = "$(BUNDLE_LOADER)";
				WRAPPER_EXTENSION = xctest;
			};
			name = Release;
		};
/* End XCBuildConfiguration section */

/* Begin XCConfigurationList section */
		EC9FDA7418BA1DD900CF4670 /* Build configuration list for PBXProject "Ibeater" */ = {
			isa = XCConfigurationList;
			buildConfigurations = (
				EC9FDAAC18BA1DD900CF4670 /* Debug */,
				EC9FDAAD18BA1DD900CF4670 /* Release */,
			);
			defaultConfigurationIsVisible = 0;
			defaultConfigurationName = Release;
		};
		EC9FDAAE18BA1DD900CF4670 /* Build configuration list for PBXNativeTarget "Ibeater" */ = {
			isa = XCConfigurationList;
			buildConfigurations = (
				EC9FDAAF18BA1DD900CF4670 /* Debug */,
				EC9FDAB018BA1DD900CF4670 /* Release */,
			);
			defaultConfigurationIsVisible = 0;
			defaultConfigurationName = Release;
		};
		EC9FDAB118BA1DD900CF4670 /* Build configuration list for PBXNativeTarget "IbeaterTests" */ = {
			isa = XCConfigurationList;
			buildConfigurations = (
				EC9FDAB218BA1DD900CF4670 /* Debug */,
				EC9FDAB318BA1DD900CF4670 /* Release */,
			);
			defaultConfigurationIsVisible = 0;
			defaultConfigurationName = Release;
		};
/* End XCConfigurationList section */
	};
	rootObject = EC9FDA7118BA1DD900CF4670 /* Project object */;
}
